
Microsoft Visual Studio Solution File, Format Version 12.00
# Visual Studio Version 17
VisualStudioVersion = 17.6.33829.357
MinimumVisualStudioVersion = 10.0.40219.1
Project("{FAE04EC0-301F-11D3-BF4B-00C04F79EFBC}") = "CSharp_dangkymonhoc", "CSharp_dangkymonhoc\CSharp_dangkymonhoc.csproj", "{4C67C135-0592-4BFE-BE59-467D7E6957B1}"
EndProject
Global
	GlobalSection(SolutionConfigurationPlatforms) = preSolution
		Debug|Any CPU = Debug|Any CPU
		Release|Any CPU = Release|Any CPU
	EndGlobalSection
	GlobalSection(ProjectConfigurationPlatforms) = postSolution
		{4C67C135-0592-4BFE-BE59-467D7E6957B1}.Debug|Any CPU.ActiveCfg = Debug|Any CPU
		{4C67C135-0592-4BFE-BE59-467D7E6957B1}.Debug|Any CPU.Build.0 = Debug|Any CPU
		{4C67C135-0592-4BFE-BE59-467D7E6957B1}.Release|Any CPU.ActiveCfg = Release|Any CPU
		{4C67C135-0592-4BFE-BE59-467D7E6957B1}.Release|Any CPU.Build.0 = Release|Any CPU
	EndGlobalSection
	GlobalSection(SolutionProperties) = preSolution
		HideSolutionNode = FALSE
	EndGlobalSection
	GlobalSection(ExtensibilityGlobals) = postSolution
		SolutionGuid = {BE1A74F8-8439-4683-8C56-8756FB24A69E}
	EndGlobalSection
EndGlobal
